# THIS IS AN AUTOGENERATED FILE. DO NOT EDIT THIS FILE DIRECTLY.
# yarn lockfile v1


"@babel/runtime-corejs2@^7.0.0":
  version "7.1.2"
  resolved "https://registry.yarnpkg.com/@babel/runtime-corejs2/-/runtime-corejs2-7.1.2.tgz#8695811a3fd8091f54f274b9320334e5e8c62200"
  integrity sha512-drxaPByExlcRDKW4ZLubUO4ZkI8/8ax9k9wve1aEthdLKFzjB7XRkOQ0xoTIWGxqdDnWDElkjYq77bt7yrcYJQ==
  dependencies:
    core-js "^2.5.7"
    regenerator-runtime "^0.12.0"

core-js@^2.5.7:
  version "2.5.7"
  resolved "https://registry.yarnpkg.com/core-js/-/core-js-2.5.7.tgz#f972608ff0cead68b841a16a932d0b183791814e"
  integrity sha512-RszJCAxg/PP6uzXVXL6BsxSXx/B05oJAQ2vkJRjyjrEcNVycaqOmNb5OTxZPE3xa5gwZduqza6L9JOCenh/Ecw==

react-on-rails@11.1.7:
  version "11.1.7"
  resolved "https://registry.yarnpkg.com/react-on-rails/-/react-on-rails-11.1.7.tgz#bd69f8d51921495f945c6412982388f2f940be18"
  integrity sha512-H/lScB1gPtE2sasoki/G/nxSvqRHmY2JVDXptBI7VctkUQr6EgD5BRADdbowE/EFzm7iH84a8aVOg6NUJ5zWBA==
  dependencies:
    "@babel/runtime-corejs2" "^7.0.0"

regenerator-runtime@^0.12.0:
  version "0.12.1"
  resolved "https://registry.yarnpkg.com/regenerator-runtime/-/regenerator-runtime-0.12.1.tgz#fa1a71544764c036f8c49b13a08b2594c9f8a0de"
  integrity sha512-odxIc1/vDlo4iZcfXqRYFj0vpXFNoGdKMAUieAlFYO6m/nl5e9KR/beGf41z4a1FI+aQgtjhuaSlDxQ0hmkrHg==
